PODS:
  - Alamofire (4.3.0)
  - AlamofireImage (3.2.0):
    - Alamofire (~> 4.1)
  - Crashlytics (3.8.3):
    - Fabric (~> 1.6.3)
  - Fabric (1.6.11)
  - Fakery (2.0.0)
  - GradientView (2.2.0)
  - HBRecorder (1.0.0):
    - SCRecorder
  - Player (0.5.0)
  - SCRecorder (2.7.0)
  - SwifterSwift (1.6.2)

DEPENDENCIES:
  - Alamofire (~> 4.3)
  - AlamofireImage (~> 3.2)
  - Crashlytics (~> 3.8)
  - Fabric (~> 1.6)
  - Fakery (~> 2.0)
  - GradientView (~> 2.2)
  - HBRecorder (from `https://github.com/efremidze/HBRecorder.git`)
  - Player (~> 0.4)
  - SwifterSwift (~> 1.5)

EXTERNAL SOURCES:
  HBRecorder:
    :git: https://github.com/efremidze/HBRecorder.git

CHECKOUT OPTIONS:
  HBRecorder:
    :commit: a8a0798ec4608b6052253f2fe0a02914658fe78d
    :git: https://github.com/efremidze/HBRecorder.git

SPEC CHECKSUMS:
  Alamofire: 856a113053a7bc9cbe5d6367a555d773fc5cfef7
  AlamofireImage: 157ed682cc81d3b9db4fb90c1f12180ac552d93b
  Crashlytics: 2b6dbe138a42395577cfa73dfa1aa7248cadf39e
  Fabric: 5911403591946b8228ab1c51d98f1d7137e863c6
  Fakery: 97b99c23937d2e025d9135c75e2b17351ccd5031
  GradientView: a5397174594f158dc1511127f2004ec25c9d2300
  HBRecorder: 468bce6613d37e85bf88eb73e060fddce6fe31f5
  Player: 4cf2a2dabc2c3392b3d4d4d843554e40768c5a3e
  SCRecorder: bbb521dbc222908876ec9cd9156bbc8a893bed44
  SwifterSwift: 48a48a193b47e0d577359c75570e5291dd2f460a

PODFILE CHECKSUM: 62b7768e4c3a88a9ad12a0e648b020786804fb13

COCOAPODS: 1.2.0
