// !$*UTF8*$!
{
	archiveVersion = 1;
	classes = {
	};
	objectVersion = 46;
	objects = {

/* Begin PBXBuildFile section */
		03F04D4051AD20D5E498D9C6 /* Pods_Buzz.framework in Frameworks */ = {isa = PBXBuildFile; fileRef = A94C1D066145D236B3A3E118 /* Pods_Buzz.framework */; };
		8B05BC3C1E40918000957342 /* AppDelegate.swift in Sources */ = {isa = PBXBuildFile; fileRef = 8B05BC3B1E40918000957342 /* AppDelegate.swift */; };
		8B05BC411E40918000957342 /* Main.storyboard in Resources */ = {isa = PBXBuildFile; fileRef = 8B05BC3F1E40918000957342 /* Main.storyboard */; };
		8B05BC431E40918000957342 /* Assets.xcassets in Resources */ = {isa = PBXBuildFile; fileRef = 8B05BC421E40918000957342 /* Assets.xcassets */; };
		8B05BC461E40918000957342 /* LaunchScreen.storyboard in Resources */ = {isa = PBXBuildFile; fileRef = 8B05BC441E40918000957342 /* LaunchScreen.storyboard */; };
		8B1820571E5D1867003B4EA4 /* CameraViewController.swift in Sources */ = {isa = PBXBuildFile; fileRef = 8B1820561E5D1867003B4EA4 /* CameraViewController.swift */; };
		8B8F6AEA1E41387A00F6C6CC /* TabBarController.swift in Sources */ = {isa = PBXBuildFile; fileRef = 8B8F6AE91E41387A00F6C6CC /* TabBarController.swift */; };
		8B8F6AEC1E413E9F00F6C6CC /* UIStoryboardExtensions.swift in Sources */ = {isa = PBXBuildFile; fileRef = 8B8F6AEB1E413E9F00F6C6CC /* UIStoryboardExtensions.swift */; };
		8BA8A8D21E4093580019A68B /* PlayerView.swift in Sources */ = {isa = PBXBuildFile; fileRef = 8BA8A8D11E4093580019A68B /* PlayerView.swift */; };
		8BA8A8D41E4093D80019A68B /* UIViewExtensions.swift in Sources */ = {isa = PBXBuildFile; fileRef = 8BA8A8D31E4093D80019A68B /* UIViewExtensions.swift */; };
		8BB6C5F71E5D35D400A307B2 /* SearchViewController.swift in Sources */ = {isa = PBXBuildFile; fileRef = 8BB6C5F61E5D35D400A307B2 /* SearchViewController.swift */; };
		8BB6C5F91E5D36EB00A307B2 /* NavigationController.swift in Sources */ = {isa = PBXBuildFile; fileRef = 8BB6C5F81E5D36EB00A307B2 /* NavigationController.swift */; };
		8BD4E7041E430C2E00974D4F /* VideoCollectionViewCell.swift in Sources */ = {isa = PBXBuildFile; fileRef = 8BD4E7031E430C2E00974D4F /* VideoCollectionViewCell.swift */; };
		8BEE35151E410F8F00A09EEF /* VideoListViewController.swift in Sources */ = {isa = PBXBuildFile; fileRef = 8BEE35141E410F8F00A09EEF /* VideoListViewController.swift */; };
		8BEE35171E41112500A09EEF /* Video.swift in Sources */ = {isa = PBXBuildFile; fileRef = 8BEE35161E41112500A09EEF /* Video.swift */; };
		8BEE35191E41116E00A09EEF /* User.swift in Sources */ = {isa = PBXBuildFile; fileRef = 8BEE35181E41116E00A09EEF /* User.swift */; };
		8BEEB4FD1E430408005DF7B8 /* Dummy.swift in Sources */ = {isa = PBXBuildFile; fileRef = 8BEEB4FC1E430408005DF7B8 /* Dummy.swift */; };
/* End PBXBuildFile section */

/* Begin PBXFileReference section */
		354225354EAC7618F21D2746 /* Pods-Buzz.release.xcconfig */ = {isa = PBXFileReference; includeInIndex = 1; lastKnownFileType = text.xcconfig; name = "Pods-Buzz.release.xcconfig"; path = "Pods/Target Support Files/Pods-Buzz/Pods-Buzz.release.xcconfig"; sourceTree = "<group>"; };
		8B05BC381E40918000957342 /* Buzz.app */ = {isa = PBXFileReference; explicitFileType = wrapper.application; includeInIndex = 0; path = Buzz.app; sourceTree = BUILT_PRODUCTS_DIR; };
		8B05BC3B1E40918000957342 /* AppDelegate.swift */ = {isa = PBXFileReference; lastKnownFileType = sourcecode.swift; path = AppDelegate.swift; sourceTree = "<group>"; };
		8B05BC401E40918000957342 /* Base */ = {isa = PBXFileReference; lastKnownFileType = file.storyboard; name = Base; path = Base.lproj/Main.storyboard; sourceTree = "<group>"; };
		8B05BC421E40918000957342 /* Assets.xcassets */ = {isa = PBXFileReference; lastKnownFileType = folder.assetcatalog; path = Assets.xcassets; sourceTree = "<group>"; };
		8B05BC451E40918000957342 /* Base */ = {isa = PBXFileReference; lastKnownFileType = file.storyboard; name = Base; path = Base.lproj/LaunchScreen.storyboard; sourceTree = "<group>"; };
		8B05BC471E40918000957342 /* Info.plist */ = {isa = PBXFileReference; lastKnownFileType = text.plist.xml; path = Info.plist; sourceTree = "<group>"; };
		8B1820561E5D1867003B4EA4 /* CameraViewController.swift */ = {isa = PBXFileReference; fileEncoding = 4; lastKnownFileType = sourcecode.swift; path = CameraViewController.swift; sourceTree = "<group>"; };
		8B8F6AE91E41387A00F6C6CC /* TabBarController.swift */ = {isa = PBXFileReference; fileEncoding = 4; lastKnownFileType = sourcecode.swift; path = TabBarController.swift; sourceTree = "<group>"; };
		8B8F6AEB1E413E9F00F6C6CC /* UIStoryboardExtensions.swift */ = {isa = PBXFileReference; fileEncoding = 4; lastKnownFileType = sourcecode.swift; path = UIStoryboardExtensions.swift; sourceTree = "<group>"; };
		8BA8A8D11E4093580019A68B /* PlayerView.swift */ = {isa = PBXFileReference; fileEncoding = 4; lastKnownFileType = sourcecode.swift; path = PlayerView.swift; sourceTree = "<group>"; };
		8BA8A8D31E4093D80019A68B /* UIViewExtensions.swift */ = {isa = PBXFileReference; fileEncoding = 4; lastKnownFileType = sourcecode.swift; path = UIViewExtensions.swift; sourceTree = "<group>"; };
		8BB6C5F61E5D35D400A307B2 /* SearchViewController.swift */ = {isa = PBXFileReference; fileEncoding = 4; lastKnownFileType = sourcecode.swift; path = SearchViewController.swift; sourceTree = "<group>"; };
		8BB6C5F81E5D36EB00A307B2 /* NavigationController.swift */ = {isa = PBXFileReference; fileEncoding = 4; lastKnownFileType = sourcecode.swift; path = NavigationController.swift; sourceTree = "<group>"; };
		8BD4E7031E430C2E00974D4F /* VideoCollectionViewCell.swift */ = {isa = PBXFileReference; fileEncoding = 4; lastKnownFileType = sourcecode.swift; path = VideoCollectionViewCell.swift; sourceTree = "<group>"; };
		8BEE35141E410F8F00A09EEF /* VideoListViewController.swift */ = {isa = PBXFileReference; fileEncoding = 4; lastKnownFileType = sourcecode.swift; path = VideoListViewController.swift; sourceTree = "<group>"; };
		8BEE35161E41112500A09EEF /* Video.swift */ = {isa = PBXFileReference; fileEncoding = 4; lastKnownFileType = sourcecode.swift; path = Video.swift; sourceTree = "<group>"; };
		8BEE35181E41116E00A09EEF /* User.swift */ = {isa = PBXFileReference; fileEncoding = 4; lastKnownFileType = sourcecode.swift; path = User.swift; sourceTree = "<group>"; };
		8BEEB4FC1E430408005DF7B8 /* Dummy.swift */ = {isa = PBXFileReference; fileEncoding = 4; lastKnownFileType = sourcecode.swift; name = Dummy.swift; path = ../Model/Dummy.swift; sourceTree = "<group>"; };
		A55515F0C8DFCA2EA943C318 /* Pods-Buzz.debug.xcconfig */ = {isa = PBXFileReference; includeInIndex = 1; lastKnownFileType = text.xcconfig; name = "Pods-Buzz.debug.xcconfig"; path = "Pods/Target Support Files/Pods-Buzz/Pods-Buzz.debug.xcconfig"; sourceTree = "<group>"; };
		A94C1D066145D236B3A3E118 /* Pods_Buzz.framework */ = {isa = PBXFileReference; explicitFileType = wrapper.framework; includeInIndex = 0; path = Pods_Buzz.framework; sourceTree = BUILT_PRODUCTS_DIR; };
/* End PBXFileReference section */

/* Begin PBXFrameworksBuildPhase section */
		8B05BC351E40918000957342 /* Frameworks */ = {
			isa = PBXFrameworksBuildPhase;
			buildActionMask = 2147483647;
			files = (
				03F04D4051AD20D5E498D9C6 /* Pods_Buzz.framework in Frameworks */,
			);
			runOnlyForDeploymentPostprocessing = 0;
		};
/* End PBXFrameworksBuildPhase section */

/* Begin PBXGroup section */
		0001FF742BF135C0132887EE /* Pods */ = {
			isa = PBXGroup;
			children = (
				A55515F0C8DFCA2EA943C318 /* Pods-Buzz.debug.xcconfig */,
				354225354EAC7618F21D2746 /* Pods-Buzz.release.xcconfig */,
			);
			name = Pods;
			sourceTree = "<group>";
		};
		8B05BC2F1E40918000957342 = {
			isa = PBXGroup;
			children = (
				8B05BC3A1E40918000957342 /* Buzz */,
				8B05BC391E40918000957342 /* Products */,
				0001FF742BF135C0132887EE /* Pods */,
				C1A7CBEE4B0FCFF940FB9831 /* Frameworks */,
			);
			sourceTree = "<group>";
		};
		8B05BC391E40918000957342 /* Products */ = {
			isa = PBXGroup;
			children = (
				8B05BC381E40918000957342 /* Buzz.app */,
			);
			name = Products;
			sourceTree = "<group>";
		};
		8B05BC3A1E40918000957342 /* Buzz */ = {
			isa = PBXGroup;
			children = (
				8B05BC3B1E40918000957342 /* AppDelegate.swift */,
				8B05BC421E40918000957342 /* Assets.xcassets */,
				8BA8A8CB1E4093400019A68B /* Controllers */,
				8BA8A8CD1E4093400019A68B /* Extensions */,
				8B05BC471E40918000957342 /* Info.plist */,
				8B05BC441E40918000957342 /* LaunchScreen.storyboard */,
				8BEEB4FE1E43043E005DF7B8 /* Libraries */,
				8B05BC3F1E40918000957342 /* Main.storyboard */,
				8BA8A8CE1E4093400019A68B /* Model */,
				8BA8A8CF1E4093400019A68B /* Views */,
			);
			path = Buzz;
			sourceTree = "<group>";
		};
		8BA8A8CB1E4093400019A68B /* Controllers */ = {
			isa = PBXGroup;
			children = (
				8B1820561E5D1867003B4EA4 /* CameraViewController.swift */,
				8BB6C5F81E5D36EB00A307B2 /* NavigationController.swift */,
				8BB6C5F61E5D35D400A307B2 /* SearchViewController.swift */,
				8B8F6AE91E41387A00F6C6CC /* TabBarController.swift */,
				8BEE35141E410F8F00A09EEF /* VideoListViewController.swift */,
			);
			path = Controllers;
			sourceTree = "<group>";
		};
		8BA8A8CD1E4093400019A68B /* Extensions */ = {
			isa = PBXGroup;
			children = (
				8B8F6AEB1E413E9F00F6C6CC /* UIStoryboardExtensions.swift */,
				8BA8A8D31E4093D80019A68B /* UIViewExtensions.swift */,
			);
			path = Extensions;
			sourceTree = "<group>";
		};
		8BA8A8CE1E4093400019A68B /* Model */ = {
			isa = PBXGroup;
			children = (
				8BEE35181E41116E00A09EEF /* User.swift */,
				8BEE35161E41112500A09EEF /* Video.swift */,
			);
			path = Model;
			sourceTree = "<group>";
		};
		8BA8A8CF1E4093400019A68B /* Views */ = {
			isa = PBXGroup;
			children = (
				8BA8A8D11E4093580019A68B /* PlayerView.swift */,
				8BD4E7031E430C2E00974D4F /* VideoCollectionViewCell.swift */,
			);
			path = Views;
			sourceTree = "<group>";
		};
		8BEEB4FE1E43043E005DF7B8 /* Libraries */ = {
			isa = PBXGroup;
			children = (
				8BEEB4FC1E430408005DF7B8 /* Dummy.swift */,
			);
			path = Libraries;
			sourceTree = "<group>";
		};
		C1A7CBEE4B0FCFF940FB9831 /* Frameworks */ = {
			isa = PBXGroup;
			children = (
				A94C1D066145D236B3A3E118 /* Pods_Buzz.framework */,
			);
			name = Frameworks;
			sourceTree = "<group>";
		};
/* End PBXGroup section */

/* Begin PBXNativeTarget section */
		8B05BC371E40918000957342 /* Buzz */ = {
			isa = PBXNativeTarget;
			buildConfigurationList = 8B05BC4A1E40918000957342 /* Build configuration list for PBXNativeTarget "Buzz" */;
			buildPhases = (
				2CB7354470E50447F5A88B1E /* [CP] Check Pods Manifest.lock */,
				8B05BC341E40918000957342 /* Sources */,
				8B05BC351E40918000957342 /* Frameworks */,
				8B05BC361E40918000957342 /* Resources */,
				EE8DA727C30C758C2337F06B /* [CP] Embed Pods Frameworks */,
				4E2F517EA8E0350FC541DC57 /* [CP] Copy Pods Resources */,
				8BD4E7051E4328F200974D4F /* ShellScript */,
			);
			buildRules = (
			);
			dependencies = (
			);
			name = Buzz;
			productName = Buzz;
			productReference = 8B05BC381E40918000957342 /* Buzz.app */;
			productType = "com.apple.product-type.application";
		};
/* End PBXNativeTarget section */

/* Begin PBXProject section */
		8B05BC301E40918000957342 /* Project object */ = {
			isa = PBXProject;
			attributes = {
				LastSwiftUpdateCheck = 0820;
				LastUpgradeCheck = 0820;
				ORGANIZATIONNAME = Factorial42;
				TargetAttributes = {
					8B05BC371E40918000957342 = {
						CreatedOnToolsVersion = 8.2;
						DevelopmentTeam = NNRNHY2N8B;
						ProvisioningStyle = Automatic;
					};
				};
			};
			buildConfigurationList = 8B05BC331E40918000957342 /* Build configuration list for PBXProject "Buzz" */;
			compatibilityVersion = "Xcode 3.2";
			developmentRegion = English;
			hasScannedForEncodings = 0;
			knownRegions = (
				en,
				Base,
			);
			mainGroup = 8B05BC2F1E40918000957342;
			productRefGroup = 8B05BC391E40918000957342 /* Products */;
			projectDirPath = "";
			projectRoot = "";
			targets = (
				8B05BC371E40918000957342 /* Buzz */,
			);
		};
/* End PBXProject section */

/* Begin PBXResourcesBuildPhase section */
		8B05BC361E40918000957342 /* Resources */ = {
			isa = PBXResourcesBuildPhase;
			buildActionMask = 2147483647;
			files = (
				8B05BC461E40918000957342 /* LaunchScreen.storyboard in Resources */,
				8B05BC431E40918000957342 /* Assets.xcassets in Resources */,
				8B05BC411E40918000957342 /* Main.storyboard in Resources */,
			);
			runOnlyForDeploymentPostprocessing = 0;
		};
/* End PBXResourcesBuildPhase section */

/* Begin PBXShellScriptBuildPhase section */
		2CB7354470E50447F5A88B1E /* [CP] Check Pods Manifest.lock */ = {
			isa = PBXShellScriptBuildPhase;
			buildActionMask = 2147483647;
			files = (
			);
			inputPaths = (
			);
			name = "[CP] Check Pods Manifest.lock";
			outputPaths = (
			);
			runOnlyForDeploymentPostprocessing = 0;
			shellPath = /bin/sh;
			shellScript = "diff \"${PODS_ROOT}/../Podfile.lock\" \"${PODS_ROOT}/Manifest.lock\" > /dev/null\nif [ $? != 0 ] ; then\n    # print error to STDERR\n    echo \"error: The sandbox is not in sync with the Podfile.lock. Run 'pod install' or update your CocoaPods installation.\" >&2\n    exit 1\nfi\n";
			showEnvVarsInLog = 0;
		};
		4E2F517EA8E0350FC541DC57 /* [CP] Copy Pods Resources */ = {
			isa = PBXShellScriptBuildPhase;
			buildActionMask = 2147483647;
			files = (
			);
			inputPaths = (
			);
			name = "[CP] Copy Pods Resources";
			outputPaths = (
			);
			runOnlyForDeploymentPostprocessing = 0;
			shellPath = /bin/sh;
			shellScript = "\"${SRCROOT}/Pods/Target Support Files/Pods-Buzz/Pods-Buzz-resources.sh\"\n";
			showEnvVarsInLog = 0;
		};
		8BD4E7051E4328F200974D4F /* ShellScript */ = {
			isa = PBXShellScriptBuildPhase;
			buildActionMask = 2147483647;
			files = (
			);
			inputPaths = (
			);
			outputPaths = (
			);
			runOnlyForDeploymentPostprocessing = 0;
			shellPath = /bin/sh;
			shellScript = "\"${PODS_ROOT}/Fabric/run\" 86bf271a95275db9bed14c5a063edbeac7622635 ee3fa45fd6e1296f88297acd1281248b587d91ed8c292b82c73e1d3beeaa2c62";
		};
		EE8DA727C30C758C2337F06B /* [CP] Embed Pods Frameworks */ = {
			isa = PBXShellScriptBuildPhase;
			buildActionMask = 2147483647;
			files = (
			);
			inputPaths = (
			);
			name = "[CP] Embed Pods Frameworks";
			outputPaths = (
			);
			runOnlyForDeploymentPostprocessing = 0;
			shellPath = /bin/sh;
			shellScript = "\"${SRCROOT}/Pods/Target Support Files/Pods-Buzz/Pods-Buzz-frameworks.sh\"\n";
			showEnvVarsInLog = 0;
		};
/* End PBXShellScriptBuildPhase section */

/* Begin PBXSourcesBuildPhase section */
		8B05BC341E40918000957342 /* Sources */ = {
			isa = PBXSourcesBuildPhase;
			buildActionMask = 2147483647;
			files = (
				8B1820571E5D1867003B4EA4 /* CameraViewController.swift in Sources */,
				8BA8A8D21E4093580019A68B /* PlayerView.swift in Sources */,
				8BA8A8D41E4093D80019A68B /* UIViewExtensions.swift in Sources */,
				8BEE35191E41116E00A09EEF /* User.swift in Sources */,
				8BEE35151E410F8F00A09EEF /* VideoListViewController.swift in Sources */,
				8B8F6AEA1E41387A00F6C6CC /* TabBarController.swift in Sources */,
				8BB6C5F71E5D35D400A307B2 /* SearchViewController.swift in Sources */,
				8B05BC3C1E40918000957342 /* AppDelegate.swift in Sources */,
				8BB6C5F91E5D36EB00A307B2 /* NavigationController.swift in Sources */,
				8B8F6AEC1E413E9F00F6C6CC /* UIStoryboardExtensions.swift in Sources */,
				8BEEB4FD1E430408005DF7B8 /* Dummy.swift in Sources */,
				8BD4E7041E430C2E00974D4F /* VideoCollectionViewCell.swift in Sources */,
				8BEE35171E41112500A09EEF /* Video.swift in Sources */,
			);
			runOnlyForDeploymentPostprocessing = 0;
		};
/* End PBXSourcesBuildPhase section */

/* Begin PBXVariantGroup section */
		8B05BC3F1E40918000957342 /* Main.storyboard */ = {
			isa = PBXVariantGroup;
			children = (
				8B05BC401E40918000957342 /* Base */,
			);
			name = Main.storyboard;
			sourceTree = "<group>";
		};
		8B05BC441E40918000957342 /* LaunchScreen.storyboard */ = {
			isa = PBXVariantGroup;
			children = (
				8B05BC451E40918000957342 /* Base */,
			);
			name = LaunchScreen.storyboard;
			sourceTree = "<group>";
		};
/* End PBXVariantGroup section */

/* Begin XCBuildConfiguration section */
		8B05BC481E40918000957342 /* Debug */ = {
			isa = XCBuildConfiguration;
			buildSettings = {
				ALWAYS_SEARCH_USER_PATHS = NO;
				CLANG_ANALYZER_NONNULL = YES;
				CLANG_CXX_LANGUAGE_STANDARD = "gnu++0x";
				CLANG_CXX_LIBRARY = "libc++";
				CLANG_ENABLE_MODULES = YES;
				CLANG_ENABLE_OBJC_ARC = YES;
				CLANG_WARN_BOOL_CONVERSION = YES;
				CLANG_WARN_CONSTANT_CONVERSION = YES;
				CLANG_WARN_DIRECT_OBJC_ISA_USAGE = YES_ERROR;
				CLANG_WARN_DOCUMENTATION_COMMENTS = YES;
				CLANG_WARN_EMPTY_BODY = YES;
				CLANG_WARN_ENUM_CONVERSION = YES;
				CLANG_WARN_INFINITE_RECURSION = YES;
				CLANG_WARN_INT_CONVERSION = YES;
				CLANG_WARN_OBJC_ROOT_CLASS = YES_ERROR;
				CLANG_WARN_SUSPICIOUS_MOVE = YES;
				CLANG_WARN_UNREACHABLE_CODE = YES;
				CLANG_WARN__DUPLICATE_METHOD_MATCH = YES;
				"CODE_SIGN_IDENTITY[sdk=iphoneos*]" = "iPhone Developer";
				COPY_PHASE_STRIP = NO;
				DEBUG_INFORMATION_FORMAT = dwarf;
				ENABLE_STRICT_OBJC_MSGSEND = YES;
				ENABLE_TESTABILITY = YES;
				GCC_C_LANGUAGE_STANDARD = gnu99;
				GCC_DYNAMIC_NO_PIC = NO;
				GCC_NO_COMMON_BLOCKS = YES;
				GCC_OPTIMIZATION_LEVEL = 0;
				GCC_PREPROCESSOR_DEFINITIONS = (
					"DEBUG=1",
					"$(inherited)",
				);
				GCC_WARN_64_TO_32_BIT_CONVERSION = YES;
				GCC_WARN_ABOUT_RETURN_TYPE = YES_ERROR;
				GCC_WARN_UNDECLARED_SELECTOR = YES;
				GCC_WARN_UNINITIALIZED_AUTOS = YES_AGGRESSIVE;
				GCC_WARN_UNUSED_FUNCTION = YES;
				GCC_WARN_UNUSED_VARIABLE = YES;
				IPHONEOS_DEPLOYMENT_TARGET = 9.3;
				MTL_ENABLE_DEBUG_INFO = YES;
				ONLY_ACTIVE_ARCH = YES;
				SDKROOT = iphoneos;
				SWIFT_ACTIVE_COMPILATION_CONDITIONS = DEBUG;
				SWIFT_OPTIMIZATION_LEVEL = "-Onone";
				TARGETED_DEVICE_FAMILY = "1,2";
			};
			name = Debug;
		};
		8B05BC491E40918000957342 /* Release */ = {
			isa = XCBuildConfiguration;
			buildSettings = {
				ALWAYS_SEARCH_USER_PATHS = NO;
				CLANG_ANALYZER_NONNULL = YES;
				CLANG_CXX_LANGUAGE_STANDARD = "gnu++0x";
				CLANG_CXX_LIBRARY = "libc++";
				CLANG_ENABLE_MODULES = YES;
				CLANG_ENABLE_OBJC_ARC = YES;
				CLANG_WARN_BOOL_CONVERSION = YES;
				CLANG_WARN_CONSTANT_CONVERSION = YES;
				CLANG_WARN_DIRECT_OBJC_ISA_USAGE = YES_ERROR;
				CLANG_WARN_DOCUMENTATION_COMMENTS = YES;
				CLANG_WARN_EMPTY_BODY = YES;
				CLANG_WARN_ENUM_CONVERSION = YES;
				CLANG_WARN_INFINITE_RECURSION = YES;
				CLANG_WARN_INT_CONVERSION = YES;
				CLANG_WARN_OBJC_ROOT_CLASS = YES_ERROR;
				CLANG_WARN_SUSPICIOUS_MOVE = YES;
				CLANG_WARN_UNREACHABLE_CODE = YES;
				CLANG_WARN__DUPLICATE_METHOD_MATCH = YES;
				"CODE_SIGN_IDENTITY[sdk=iphoneos*]" = "iPhone Developer";
				COPY_PHASE_STRIP = NO;
				DEBUG_INFORMATION_FORMAT = "dwarf-with-dsym";
				ENABLE_NS_ASSERTIONS = NO;
				ENABLE_STRICT_OBJC_MSGSEND = YES;
				GCC_C_LANGUAGE_STANDARD = gnu99;
				GCC_NO_COMMON_BLOCKS = YES;
				GCC_WARN_64_TO_32_BIT_CONVERSION = YES;
				GCC_WARN_ABOUT_RETURN_TYPE = YES_ERROR;
				GCC_WARN_UNDECLARED_SELECTOR = YES;
				GCC_WARN_UNINITIALIZED_AUTOS = YES_AGGRESSIVE;
				GCC_WARN_UNUSED_FUNCTION = YES;
				GCC_WARN_UNUSED_VARIABLE = YES;
				IPHONEOS_DEPLOYMENT_TARGET = 9.3;
				MTL_ENABLE_DEBUG_INFO = NO;
				SDKROOT = iphoneos;
				SWIFT_OPTIMIZATION_LEVEL = "-Owholemodule";
				TARGETED_DEVICE_FAMILY = "1,2";
				VALIDATE_PRODUCT = YES;
			};
			name = Release;
		};
		8B05BC4B1E40918000957342 /* Debug */ = {
			isa = XCBuildConfiguration;
			baseConfigurationReference = A55515F0C8DFCA2EA943C318 /* Pods-Buzz.debug.xcconfig */;
			buildSettings = {
				ASSETCATALOG_COMPILER_APPICON_NAME = AppIcon;
				DEVELOPMENT_TEAM = NNRNHY2N8B;
				INFOPLIST_FILE = Buzz/Info.plist;
				LD_RUNPATH_SEARCH_PATHS = "$(inherited) @executable_path/Frameworks";
				PRODUCT_BUNDLE_IDENTIFIER = com.factorial42.buzz;
				PRODUCT_NAME = "$(TARGET_NAME)";
				SWIFT_VERSION = 3.0;
			};
			name = Debug;
		};
		8B05BC4C1E40918000957342 /* Release */ = {
			isa = XCBuildConfiguration;
			baseConfigurationReference = 354225354EAC7618F21D2746 /* Pods-Buzz.release.xcconfig */;
			buildSettings = {
				ASSETCATALOG_COMPILER_APPICON_NAME = AppIcon;
				DEVELOPMENT_TEAM = NNRNHY2N8B;
				INFOPLIST_FILE = Buzz/Info.plist;
				LD_RUNPATH_SEARCH_PATHS = "$(inherited) @executable_path/Frameworks";
				PRODUCT_BUNDLE_IDENTIFIER = com.factorial42.buzz;
				PRODUCT_NAME = "$(TARGET_NAME)";
				SWIFT_VERSION = 3.0;
			};
			name = Release;
		};
/* End XCBuildConfiguration section */

/* Begin XCConfigurationList section */
		8B05BC331E40918000957342 /* Build configuration list for PBXProject "Buzz" */ = {
			isa = XCConfigurationList;
			buildConfigurations = (
				8B05BC481E40918000957342 /* Debug */,
				8B05BC491E40918000957342 /* Release */,
			);
			defaultConfigurationIsVisible = 0;
			defaultConfigurationName = Release;
		};
		8B05BC4A1E40918000957342 /* Build configuration list for PBXNativeTarget "Buzz" */ = {
			isa = XCConfigurationList;
			buildConfigurations = (
				8B05BC4B1E40918000957342 /* Debug */,
				8B05BC4C1E40918000957342 /* Release */,
			);
			defaultConfigurationIsVisible = 0;
			defaultConfigurationName = Release;
		};
/* End XCConfigurationList section */
	};
	rootObject = 8B05BC301E40918000957342 /* Project object */;
}
